
Microsoft Visual Studio Solution File, Format Version 12.00
# Visual Studio 15
VisualStudioVersion = 15.0.26124.0
MinimumVisualStudioVersion = 15.0.26124.0
Project("{FAE04EC0-301F-11D3-BF4B-00C04F79EFBC}") = "Common", "Common\Common.csproj", "{BDF94B94-7DCB-4922-A161-B109027D0684}"
EndProject
Project("{FAE04EC0-301F-11D3-BF4B-00C04F79EFBC}") = "DesktopGL", "DesktopGL\DesktopGL.csproj", "{D8703D22-5558-4A4E-978D-28CB913E13AF}"
EndProject
Global
	GlobalSection(SolutionConfigurationPlatforms) = preSolution
		Debug|Any CPU = Debug|Any CPU
		Debug|x64 = Debug|x64
		Debug|x86 = Debug|x86
		Release|Any CPU = Release|Any CPU
		Release|x64 = Release|x64
		Release|x86 = Release|x86
	EndGlobalSection
	GlobalSection(SolutionProperties) = preSolution
		HideSolutionNode = FALSE
	EndGlobalSection
	GlobalSection(ProjectConfigurationPlatforms) = postSolution
		{BDF94B94-7DCB-4922-A161-B109027D0684}.Debug|Any CPU.ActiveCfg = Debug|Any CPU
		{BDF94B94-7DCB-4922-A161-B109027D0684}.Debug|Any CPU.Build.0 = Debug|Any CPU
		{BDF94B94-7DCB-4922-A161-B109027D0684}.Debug|x64.ActiveCfg = Debug|Any CPU
		{BDF94B94-7DCB-4922-A161-B109027D0684}.Debug|x64.Build.0 = Debug|Any CPU
		{BDF94B94-7DCB-4922-A161-B109027D0684}.Debug|x86.ActiveCfg = Debug|Any CPU
		{BDF94B94-7DCB-4922-A161-B109027D0684}.Debug|x86.Build.0 = Debug|Any CPU
		{BDF94B94-7DCB-4922-A161-B109027D0684}.Release|Any CPU.ActiveCfg = Release|Any CPU
		{BDF94B94-7DCB-4922-A161-B109027D0684}.Release|Any CPU.Build.0 = Release|Any CPU
		{BDF94B94-7DCB-4922-A161-B109027D0684}.Release|x64.ActiveCfg = Release|Any CPU
		{BDF94B94-7DCB-4922-A161-B109027D0684}.Release|x64.Build.0 = Release|Any CPU
		{BDF94B94-7DCB-4922-A161-B109027D0684}.Release|x86.ActiveCfg = Release|Any CPU
		{BDF94B94-7DCB-4922-A161-B109027D0684}.Release|x86.Build.0 = Release|Any CPU
		{D8703D22-5558-4A4E-978D-28CB913E13AF}.Debug|Any CPU.ActiveCfg = Debug|Any CPU
		{D8703D22-5558-4A4E-978D-28CB913E13AF}.Debug|Any CPU.Build.0 = Debug|Any CPU
		{D8703D22-5558-4A4E-978D-28CB913E13AF}.Debug|x64.ActiveCfg = Debug|Any CPU
		{D8703D22-5558-4A4E-978D-28CB913E13AF}.Debug|x64.Build.0 = Debug|Any CPU
		{D8703D22-5558-4A4E-978D-28CB913E13AF}.Debug|x86.ActiveCfg = Debug|Any CPU
		{D8703D22-5558-4A4E-978D-28CB913E13AF}.Debug|x86.Build.0 = Debug|Any CPU
		{D8703D22-5558-4A4E-978D-28CB913E13AF}.Release|Any CPU.ActiveCfg = Release|Any CPU
		{D8703D22-5558-4A4E-978D-28CB913E13AF}.Release|Any CPU.Build.0 = Release|Any CPU
		{D8703D22-5558-4A4E-978D-28CB913E13AF}.Release|x64.ActiveCfg = Release|Any CPU
		{D8703D22-5558-4A4E-978D-28CB913E13AF}.Release|x64.Build.0 = Release|Any CPU
		{D8703D22-5558-4A4E-978D-28CB913E13AF}.Release|x86.ActiveCfg = Release|Any CPU
		{D8703D22-5558-4A4E-978D-28CB913E13AF}.Release|x86.Build.0 = Release|Any CPU
	EndGlobalSection
EndGlobal
